// !$*UTF8*$!
{
	archiveVersion = 1;
	classes = {
	};
	objectVersion = 50;
	objects = {

/* Begin PBXBuildFile section */
		8FBF046424B4275E00BBB271 /* AppDelegate.swift in Sources */ = {isa = PBXBuildFile; fileRef = 8FBF046324B4275E00BBB271 /* AppDelegate.swift */; };
		8FBF046624B4275E00BBB271 /* SceneDelegate.swift in Sources */ = {isa = PBXBuildFile; fileRef = 8FBF046524B4275E00BBB271 /* SceneDelegate.swift */; };
		8FBF046824B4275E00BBB271 /* ViewController.swift in Sources */ = {isa = PBXBuildFile; fileRef = 8FBF046724B4275E00BBB271 /* ViewController.swift */; };
		8FBF046B24B4275E00BBB271 /* Main.storyboard in Resources */ = {isa = PBXBuildFile; fileRef = 8FBF046924B4275E00BBB271 /* Main.storyboard */; };
		8FBF046D24B4276100BBB271 /* Assets.xcassets in Resources */ = {isa = PBXBuildFile; fileRef = 8FBF046C24B4276100BBB271 /* Assets.xcassets */; };
		8FBF047024B4276100BBB271 /* LaunchScreen.storyboard in Resources */ = {isa = PBXBuildFile; fileRef = 8FBF046E24B4276100BBB271 /* LaunchScreen.storyboard */; };
/* End PBXBuildFile section */

/* Begin PBXFileReference section */
		8FBF046024B4275E00BBB271 /* viewEventResponse.app */ = {isa = PBXFileReference; explicitFileType = wrapper.application; includeInIndex = 0; path = viewEventResponse.app; sourceTree = BUILT_PRODUCTS_DIR; };
		8FBF046324B4275E00BBB271 /* AppDelegate.swift */ = {isa = PBXFileReference; lastKnownFileType = sourcecode.swift; path = AppDelegate.swift; sourceTree = "<group>"; };
		8FBF046524B4275E00BBB271 /* SceneDelegate.swift */ = {isa = PBXFileReference; lastKnownFileType = sourcecode.swift; path = SceneDelegate.swift; sourceTree = "<group>"; };
		8FBF046724B4275E00BBB271 /* ViewController.swift */ = {isa = PBXFileReference; lastKnownFileType = sourcecode.swift; path = ViewController.swift; sourceTree = "<group>"; };
		8FBF046A24B4275E00BBB271 /* Base */ = {isa = PBXFileReference; lastKnownFileType = file.storyboard; name = Base; path = Base.lproj/Main.storyboard; sourceTree = "<group>"; };
		8FBF046C24B4276100BBB271 /* Assets.xcassets */ = {isa = PBXFileReference; lastKnownFileType = folder.assetcatalog; path = Assets.xcassets; sourceTree = "<group>"; };
		8FBF046F24B4276100BBB271 /* Base */ = {isa = PBXFileReference; lastKnownFileType = file.storyboard; name = Base; path = Base.lproj/LaunchScreen.storyboard; sourceTree = "<group>"; };
		8FBF047124B4276100BBB271 /* Info.plist */ = {isa = PBXFileReference; lastKnownFileType = text.plist.xml; path = Info.plist; sourceTree = "<group>"; };
/* End PBXFileReference section */

/* Begin PBXFrameworksBuildPhase section */
		8FBF045D24B4275E00BBB271 /* Frameworks */ = {
			isa = PBXFrameworksBuildPhase;
			buildActionMask = 2147483647;
			files = (
			);
			runOnlyForDeploymentPostprocessing = 0;
		};
/* End PBXFrameworksBuildPhase section */

/* Begin PBXGroup section */
		8FBF045724B4275E00BBB271 = {
			isa = PBXGroup;
			children = (
				8FBF046224B4275E00BBB271 /* viewEventResponse */,
				8FBF046124B4275E00BBB271 /* Products */,
			);
			sourceTree = "<group>";
		};
		8FBF046124B4275E00BBB271 /* Products */ = {
			isa = PBXGroup;
			children = (
				8FBF046024B4275E00BBB271 /* viewEventResponse.app */,
			);
			name = Products;
			sourceTree = "<group>";
		};
		8FBF046224B4275E00BBB271 /* viewEventResponse */ = {
			isa = PBXGroup;
			children = (
				8FBF046324B4275E00BBB271 /* AppDelegate.swift */,
				8FBF046524B4275E00BBB271 /* SceneDelegate.swift */,
				8FBF046724B4275E00BBB271 /* ViewController.swift */,
				8FBF046924B4275E00BBB271 /* Main.storyboard */,
				8FBF046C24B4276100BBB271 /* Assets.xcassets */,
				8FBF046E24B4276100BBB271 /* LaunchScreen.storyboard */,
				8FBF047124B4276100BBB271 /* Info.plist */,
			);
			path = viewEventResponse;
			sourceTree = "<group>";
		};
/* End PBXGroup section */

/* Begin PBXNativeTarget section */
		8FBF045F24B4275E00BBB271 /* viewEventResponse */ = {
			isa = PBXNativeTarget;
			buildConfigurationList = 8FBF047424B4276100BBB271 /* Build configuration list for PBXNativeTarget "viewEventResponse" */;
			buildPhases = (
				8FBF045C24B4275E00BBB271 /* Sources */,
				8FBF045D24B4275E00BBB271 /* Frameworks */,
				8FBF045E24B4275E00BBB271 /* Resources */,
			);
			buildRules = (
			);
			dependencies = (
			);
			name = viewEventResponse;
			productName = viewEventResponse;
			productReference = 8FBF046024B4275E00BBB271 /* viewEventResponse.app */;
			productType = "com.apple.product-type.application";
		};
/* End PBXNativeTarget section */

/* Begin PBXProject section */
		8FBF045824B4275E00BBB271 /* Project object */ = {
			isa = PBXProject;
			attributes = {
				LastSwiftUpdateCheck = 1150;
				LastUpgradeCheck = 1150;
				ORGANIZATIONNAME = Ajima;
				TargetAttributes = {
					8FBF045F24B4275E00BBB271 = {
						CreatedOnToolsVersion = 11.5;
					};
				};
			};
			buildConfigurationList = 8FBF045B24B4275E00BBB271 /* Build configuration list for PBXProject "viewEventResponse" */;
			compatibilityVersion = "Xcode 9.3";
			developmentRegion = en;
			hasScannedForEncodings = 0;
			knownRegions = (
				en,
				Base,
			);
			mainGroup = 8FBF045724B4275E00BBB271;
			productRefGroup = 8FBF046124B4275E00BBB271 /* Products */;
			projectDirPath = "";
			projectRoot = "";
			targets = (
				8FBF045F24B4275E00BBB271 /* viewEventResponse */,
			);
		};
/* End PBXProject section */

/* Begin PBXResourcesBuildPhase section */
		8FBF045E24B4275E00BBB271 /* Resources */ = {
			isa = PBXResourcesBuildPhase;
			buildActionMask = 2147483647;
			files = (
				8FBF047024B4276100BBB271 /* LaunchScreen.storyboard in Resources */,
				8FBF046D24B4276100BBB271 /* Assets.xcassets in Resources */,
				8FBF046B24B4275E00BBB271 /* Main.storyboard in Resources */,
			);
			runOnlyForDeploymentPostprocessing = 0;
		};
/* End PBXResourcesBuildPhase section */

/* Begin PBXSourcesBuildPhase section */
		8FBF045C24B4275E00BBB271 /* Sources */ = {
			isa = PBXSourcesBuildPhase;
			buildActionMask = 2147483647;
			files = (
				8FBF046824B4275E00BBB271 /* ViewController.swift in Sources */,
				8FBF046424B4275E00BBB271 /* AppDelegate.swift in Sources */,
				8FBF046624B4275E00BBB271 /* SceneDelegate.swift in Sources */,
			);
			runOnlyForDeploymentPostprocessing = 0;
		};
/* End PBXSourcesBuildPhase section */

/* Begin PBXVariantGroup section */
		8FBF046924B4275E00BBB271 /* Main.storyboard */ = {
			isa = PBXVariantGroup;
			children = (
				8FBF046A24B4275E00BBB271 /* Base */,
			);
			name = Main.storyboard;
			sourceTree = "<group>";
		};
		8FBF046E24B4276100BBB271 /* LaunchScreen.storyboard */ = {
			isa = PBXVariantGroup;
			children = (
				8FBF046F24B4276100BBB271 /* Base */,
			);
			name = LaunchScreen.storyboard;
			sourceTree = "<group>";
		};
/* End PBXVariantGroup section */

/* Begin XCBuildConfiguration section */
		8FBF047224B4276100BBB271 /* Debug */ = {
			isa = XCBuildConfiguration;
			buildSettings = {
				ALWAYS_SEARCH_USER_PATHS = NO;
				CLANG_ANALYZER_NONNULL = YES;
				CLANG_ANALYZER_NUMBER_OBJECT_CONVERSION = YES_AGGRESSIVE;
				CLANG_CXX_LANGUAGE_STANDARD = "gnu++14";
				CLANG_CXX_LIBRARY = "libc++";
				CLANG_ENABLE_MODULES = YES;
				CLANG_ENABLE_OBJC_ARC = YES;
				CLANG_ENABLE_OBJC_WEAK = YES;
				CLANG_WARN_BLOCK_CAPTURE_AUTORELEASING = YES;
				CLANG_WARN_BOOL_CONVERSION = YES;
				CLANG_WARN_COMMA = YES;
				CLANG_WARN_CONSTANT_CONVERSION = YES;
				CLANG_WARN_DEPRECATED_OBJC_IMPLEMENTATIONS = YES;
				CLANG_WARN_DIRECT_OBJC_ISA_USAGE = YES_ERROR;
				CLANG_WARN_DOCUMENTATION_COMMENTS = YES;
				CLANG_WARN_EMPTY_BODY = YES;
				CLANG_WARN_ENUM_CONVERSION = YES;
				CLANG_WARN_INFINITE_RECURSION = YES;
				CLANG_WARN_INT_CONVERSION = YES;
				CLANG_WARN_NON_LITERAL_NULL_CONVERSION = YES;
				CLANG_WARN_OBJC_IMPLICIT_RETAIN_SELF = YES;
				CLANG_WARN_OBJC_LITERAL_CONVERSION = YES;
				CLANG_WARN_OBJC_ROOT_CLASS = YES_ERROR;
				CLANG_WARN_RANGE_LOOP_ANALYSIS = YES;
				CLANG_WARN_STRICT_PROTOTYPES = YES;
				CLANG_WARN_SUSPICIOUS_MOVE = YES;
				CLANG_WARN_UNGUARDED_AVAILABILITY = YES_AGGRESSIVE;
				CLANG_WARN_UNREACHABLE_CODE = YES;
				CLANG_WARN__DUPLICATE_METHOD_MATCH = YES;
				COPY_PHASE_STRIP = NO;
				DEBUG_INFORMATION_FORMAT = dwarf;
				ENABLE_STRICT_OBJC_MSGSEND = YES;
				ENABLE_TESTABILITY = YES;
				GCC_C_LANGUAGE_STANDARD = gnu11;
				GCC_DYNAMIC_NO_PIC = NO;
				GCC_NO_COMMON_BLOCKS = YES;
				GCC_OPTIMIZATION_LEVEL = 0;
				GCC_PREPROCESSOR_DEFINITIONS = (
					"DEBUG=1",
					"$(inherited)",
				);
				GCC_WARN_64_TO_32_BIT_CONVERSION = YES;
				GCC_WARN_ABOUT_RETURN_TYPE = YES_ERROR;
				GCC_WARN_UNDECLARED_SELECTOR = YES;
				GCC_WARN_UNINITIALIZED_AUTOS = YES_AGGRESSIVE;
				GCC_WARN_UNUSED_FUNCTION = YES;
				GCC_WARN_UNUSED_VARIABLE = YES;
				IPHONEOS_DEPLOYMENT_TARGET = 13.5;
				MTL_ENABLE_DEBUG_INFO = INCLUDE_SOURCE;
				MTL_FAST_MATH = YES;
				ONLY_ACTIVE_ARCH = YES;
				SDKROOT = iphoneos;
				SWIFT_ACTIVE_COMPILATION_CONDITIONS = DEBUG;
				SWIFT_OPTIMIZATION_LEVEL = "-Onone";
			};
			name = Debug;
		};
		8FBF047324B4276100BBB271 /* Release */ = {
			isa = XCBuildConfiguration;
			buildSettings = {
				ALWAYS_SEARCH_USER_PATHS = NO;
				CLANG_ANALYZER_NONNULL = YES;
				CLANG_ANALYZER_NUMBER_OBJECT_CONVERSION = YES_AGGRESSIVE;
				CLANG_CXX_LANGUAGE_STANDARD = "gnu++14";
				CLANG_CXX_LIBRARY = "libc++";
				CLANG_ENABLE_MODULES = YES;
				CLANG_ENABLE_OBJC_ARC = YES;
				CLANG_ENABLE_OBJC_WEAK = YES;
				CLANG_WARN_BLOCK_CAPTURE_AUTORELEASING = YES;
				CLANG_WARN_BOOL_CONVERSION = YES;
				CLANG_WARN_COMMA = YES;
				CLANG_WARN_CONSTANT_CONVERSION = YES;
				CLANG_WARN_DEPRECATED_OBJC_IMPLEMENTATIONS = YES;
				CLANG_WARN_DIRECT_OBJC_ISA_USAGE = YES_ERROR;
				CLANG_WARN_DOCUMENTATION_COMMENTS = YES;
				CLANG_WARN_EMPTY_BODY = YES;
				CLANG_WARN_ENUM_CONVERSION = YES;
				CLANG_WARN_INFINITE_RECURSION = YES;
				CLANG_WARN_INT_CONVERSION = YES;
				CLANG_WARN_NON_LITERAL_NULL_CONVERSION = YES;
				CLANG_WARN_OBJC_IMPLICIT_RETAIN_SELF = YES;
				CLANG_WARN_OBJC_LITERAL_CONVERSION = YES;
				CLANG_WARN_OBJC_ROOT_CLASS = YES_ERROR;
				CLANG_WARN_RANGE_LOOP_ANALYSIS = YES;
				CLANG_WARN_STRICT_PROTOTYPES = YES;
				CLANG_WARN_SUSPICIOUS_MOVE = YES;
				CLANG_WARN_UNGUARDED_AVAILABILITY = YES_AGGRESSIVE;
				CLANG_WARN_UNREACHABLE_CODE = YES;
				CLANG_WARN__DUPLICATE_METHOD_MATCH = YES;
				COPY_PHASE_STRIP = NO;
				DEBUG_INFORMATION_FORMAT = "dwarf-with-dsym";
				ENABLE_NS_ASSERTIONS = NO;
				ENABLE_STRICT_OBJC_MSGSEND = YES;
				GCC_C_LANGUAGE_STANDARD = gnu11;
				GCC_NO_COMMON_BLOCKS = YES;
				GCC_WARN_64_TO_32_BIT_CONVERSION = YES;
				GCC_WARN_ABOUT_RETURN_TYPE = YES_ERROR;
				GCC_WARN_UNDECLARED_SELECTOR = YES;
				GCC_WARN_UNINITIALIZED_AUTOS = YES_AGGRESSIVE;
				GCC_WARN_UNUSED_FUNCTION = YES;
				GCC_WARN_UNUSED_VARIABLE = YES;
				IPHONEOS_DEPLOYMENT_TARGET = 13.5;
				MTL_ENABLE_DEBUG_INFO = NO;
				MTL_FAST_MATH = YES;
				SDKROOT = iphoneos;
				SWIFT_COMPILATION_MODE = wholemodule;
				SWIFT_OPTIMIZATION_LEVEL = "-O";
				VALIDATE_PRODUCT = YES;
			};
			name = Release;
		};
		8FBF047524B4276100BBB271 /* Debug */ = {
			isa = XCBuildConfiguration;
			buildSettings = {
				ASSETCATALOG_COMPILER_APPICON_NAME = AppIcon;
				CODE_SIGN_STYLE = Automatic;
				DEVELOPMENT_TEAM = ZVQKLKLNZM;
				INFOPLIST_FILE = viewEventResponse/Info.plist;
				LD_RUNPATH_SEARCH_PATHS = (
					"$(inherited)",
					"@executable_path/Frameworks",
				);
				PRODUCT_BUNDLE_IDENTIFIER = peachlily.511.viewEventResponse;
				PRODUCT_NAME = "$(TARGET_NAME)";
				SWIFT_VERSION = 5.0;
				TARGETED_DEVICE_FAMILY = "1,2";
			};
			name = Debug;
		};
		8FBF047624B4276100BBB271 /* Release */ = {
			isa = XCBuildConfiguration;
			buildSettings = {
				ASSETCATALOG_COMPILER_APPICON_NAME = AppIcon;
				CODE_SIGN_STYLE = Automatic;
				DEVELOPMENT_TEAM = ZVQKLKLNZM;
				INFOPLIST_FILE = viewEventResponse/Info.plist;
				LD_RUNPATH_SEARCH_PATHS = (
					"$(inherited)",
					"@executable_path/Frameworks",
				);
				PRODUCT_BUNDLE_IDENTIFIER = peachlily.511.viewEventResponse;
				PRODUCT_NAME = "$(TARGET_NAME)";
				SWIFT_VERSION = 5.0;
				TARGETED_DEVICE_FAMILY = "1,2";
			};
			name = Release;
		};
/* End XCBuildConfiguration section */

/* Begin XCConfigurationList section */
		8FBF045B24B4275E00BBB271 /* Build configuration list for PBXProject "viewEventResponse" */ = {
			isa = XCConfigurationList;
			buildConfigurations = (
				8FBF047224B4276100BBB271 /* Debug */,
				8FBF047324B4276100BBB271 /* Release */,
			);
			defaultConfigurationIsVisible = 0;
			defaultConfigurationName = Release;
		};
		8FBF047424B4276100BBB271 /* Build configuration list for PBXNativeTarget "viewEventResponse" */ = {
			isa = XCConfigurationList;
			buildConfigurations = (
				8FBF047524B4276100BBB271 /* Debug */,
				8FBF047624B4276100BBB271 /* Release */,
			);
			defaultConfigurationIsVisible = 0;
			defaultConfigurationName = Release;
		};
/* End XCConfigurationList section */
	};
	rootObject = 8FBF045824B4275E00BBB271 /* Project object */;
}
